
Microsoft Visual Studio Solution File, Format Version 12.00
# Visual Studio Version 16
VisualStudioVersion = 16.0.30114.105
MinimumVisualStudioVersion = 10.0.40219.1
Project("{FAE04EC0-301F-11D3-BF4B-00C04F79EFBC}") = "R5T.D0034", "R5T.D0034\R5T.D0034.csproj", "{C3AC3BEC-D8D8-4D51-9627-76AC59F20117}"
EndProject
Project("{FAE04EC0-301F-11D3-BF4B-00C04F79EFBC}") = "R5T.D0034.Base", "R5T.D0034.Base\R5T.D0034.Base.csproj", "{22F04ACA-ABC8-40BA-9FEB-042583CE548E}"
EndProject
Project("{FAE04EC0-301F-11D3-BF4B-00C04F79EFBC}") = "R5T.D0034.Construction", "R5T.D0034.Construction\R5T.D0034.Construction.csproj", "{B58053EB-145F-458B-9FD4-CA0CB5B11B76}"
EndProject
Project("{FAE04EC0-301F-11D3-BF4B-00C04F79EFBC}") = "R5T.D0034.Default", "R5T.D0034.Default\R5T.D0034.Default.csproj", "{25078ECC-7CD3-46A1-BA55-56E5489C2A04}"
EndProject
Project("{2150E333-8FDC-42A3-9474-1A3956D46DE8}") = "_Dependencies", "_Dependencies", "{7DF7D8CA-FB45-4373-A670-B097F6946FA3}"
EndProject
Project("{FAE04EC0-301F-11D3-BF4B-00C04F79EFBC}") = "R5T.T0064", "..\..\R5T.T0064\source\R5T.T0064\R5T.T0064.csproj", "{04E3E230-9E05-4330-A526-1E63A2DA865E}"
EndProject
Global
	GlobalSection(SolutionConfigurationPlatforms) = preSolution
		Debug|Any CPU = Debug|Any CPU
		Debug|x64 = Debug|x64
		Debug|x86 = Debug|x86
		Release|Any CPU = Release|Any CPU
		Release|x64 = Release|x64
		Release|x86 = Release|x86
	EndGlobalSection
	GlobalSection(SolutionProperties) = preSolution
		HideSolutionNode = FALSE
	EndGlobalSection
	GlobalSection(ProjectConfigurationPlatforms) = postSolution
		{C3AC3BEC-D8D8-4D51-9627-76AC59F20117}.Debug|Any CPU.ActiveCfg = Debug|Any CPU
		{C3AC3BEC-D8D8-4D51-9627-76AC59F20117}.Debug|Any CPU.Build.0 = Debug|Any CPU
		{C3AC3BEC-D8D8-4D51-9627-76AC59F20117}.Debug|x64.ActiveCfg = Debug|Any CPU
		{C3AC3BEC-D8D8-4D51-9627-76AC59F20117}.Debug|x64.Build.0 = Debug|Any CPU
		{C3AC3BEC-D8D8-4D51-9627-76AC59F20117}.Debug|x86.ActiveCfg = Debug|Any CPU
		{C3AC3BEC-D8D8-4D51-9627-76AC59F20117}.Debug|x86.Build.0 = Debug|Any CPU
		{C3AC3BEC-D8D8-4D51-9627-76AC59F20117}.Release|Any CPU.ActiveCfg = Release|Any CPU
		{C3AC3BEC-D8D8-4D51-9627-76AC59F20117}.Release|Any CPU.Build.0 = Release|Any CPU
		{C3AC3BEC-D8D8-4D51-9627-76AC59F20117}.Release|x64.ActiveCfg = Release|Any CPU
		{C3AC3BEC-D8D8-4D51-9627-76AC59F20117}.Release|x64.Build.0 = Release|Any CPU
		{C3AC3BEC-D8D8-4D51-9627-76AC59F20117}.Release|x86.ActiveCfg = Release|Any CPU
		{C3AC3BEC-D8D8-4D51-9627-76AC59F20117}.Release|x86.Build.0 = Release|Any CPU
		{22F04ACA-ABC8-40BA-9FEB-042583CE548E}.Debug|Any CPU.ActiveCfg = Debug|Any CPU
		{22F04ACA-ABC8-40BA-9FEB-042583CE548E}.Debug|Any CPU.Build.0 = Debug|Any CPU
		{22F04ACA-ABC8-40BA-9FEB-042583CE548E}.Debug|x64.ActiveCfg = Debug|Any CPU
		{22F04ACA-ABC8-40BA-9FEB-042583CE548E}.Debug|x64.Build.0 = Debug|Any CPU
		{22F04ACA-ABC8-40BA-9FEB-042583CE548E}.Debug|x86.ActiveCfg = Debug|Any CPU
		{22F04ACA-ABC8-40BA-9FEB-042583CE548E}.Debug|x86.Build.0 = Debug|Any CPU
		{22F04ACA-ABC8-40BA-9FEB-042583CE548E}.Release|Any CPU.ActiveCfg = Release|Any CPU
		{22F04ACA-ABC8-40BA-9FEB-042583CE548E}.Release|Any CPU.Build.0 = Release|Any CPU
		{22F04ACA-ABC8-40BA-9FEB-042583CE548E}.Release|x64.ActiveCfg = Release|Any CPU
		{22F04ACA-ABC8-40BA-9FEB-042583CE548E}.Release|x64.Build.0 = Release|Any CPU
		{22F04ACA-ABC8-40BA-9FEB-042583CE548E}.Release|x86.ActiveCfg = Release|Any CPU
		{22F04ACA-ABC8-40BA-9FEB-042583CE548E}.Release|x86.Build.0 = Release|Any CPU
		{B58053EB-145F-458B-9FD4-CA0CB5B11B76}.Debug|Any CPU.ActiveCfg = Debug|Any CPU
		{B58053EB-145F-458B-9FD4-CA0CB5B11B76}.Debug|Any CPU.Build.0 = Debug|Any CPU
		{B58053EB-145F-458B-9FD4-CA0CB5B11B76}.Debug|x64.ActiveCfg = Debug|Any CPU
		{B58053EB-145F-458B-9FD4-CA0CB5B11B76}.Debug|x64.Build.0 = Debug|Any CPU
		{B58053EB-145F-458B-9FD4-CA0CB5B11B76}.Debug|x86.ActiveCfg = Debug|Any CPU
		{B58053EB-145F-458B-9FD4-CA0CB5B11B76}.Debug|x86.Build.0 = Debug|Any CPU
		{B58053EB-145F-458B-9FD4-CA0CB5B11B76}.Release|Any CPU.ActiveCfg = Release|Any CPU
		{B58053EB-145F-458B-9FD4-CA0CB5B11B76}.Release|Any CPU.Build.0 = Release|Any CPU
		{B58053EB-145F-458B-9FD4-CA0CB5B11B76}.Release|x64.ActiveCfg = Release|Any CPU
		{B58053EB-145F-458B-9FD4-CA0CB5B11B76}.Release|x64.Build.0 = Release|Any CPU
		{B58053EB-145F-458B-9FD4-CA0CB5B11B76}.Release|x86.ActiveCfg = Release|Any CPU
		{B58053EB-145F-458B-9FD4-CA0CB5B11B76}.Release|x86.Build.0 = Release|Any CPU
		{25078ECC-7CD3-46A1-BA55-56E5489C2A04}.Debug|Any CPU.ActiveCfg = Debug|Any CPU
		{25078ECC-7CD3-46A1-BA55-56E5489C2A04}.Debug|Any CPU.Build.0 = Debug|Any CPU
		{25078ECC-7CD3-46A1-BA55-56E5489C2A04}.Debug|x64.ActiveCfg = Debug|Any CPU
		{25078ECC-7CD3-46A1-BA55-56E5489C2A04}.Debug|x64.Build.0 = Debug|Any CPU
		{25078ECC-7CD3-46A1-BA55-56E5489C2A04}.Debug|x86.ActiveCfg = Debug|Any CPU
		{25078ECC-7CD3-46A1-BA55-56E5489C2A04}.Debug|x86.Build.0 = Debug|Any CPU
		{25078ECC-7CD3-46A1-BA55-56E5489C2A04}.Release|Any CPU.ActiveCfg = Release|Any CPU
		{25078ECC-7CD3-46A1-BA55-56E5489C2A04}.Release|Any CPU.Build.0 = Release|Any CPU
		{25078ECC-7CD3-46A1-BA55-56E5489C2A04}.Release|x64.ActiveCfg = Release|Any CPU
		{25078ECC-7CD3-46A1-BA55-56E5489C2A04}.Release|x64.Build.0 = Release|Any CPU
		{25078ECC-7CD3-46A1-BA55-56E5489C2A04}.Release|x86.ActiveCfg = Release|Any CPU
		{25078ECC-7CD3-46A1-BA55-56E5489C2A04}.Release|x86.Build.0 = Release|Any CPU
		{04E3E230-9E05-4330-A526-1E63A2DA865E}.Debug|Any CPU.ActiveCfg = Debug|Any CPU
		{04E3E230-9E05-4330-A526-1E63A2DA865E}.Debug|Any CPU.Build.0 = Debug|Any CPU
		{04E3E230-9E05-4330-A526-1E63A2DA865E}.Debug|x64.ActiveCfg = Debug|Any CPU
		{04E3E230-9E05-4330-A526-1E63A2DA865E}.Debug|x64.Build.0 = Debug|Any CPU
		{04E3E230-9E05-4330-A526-1E63A2DA865E}.Debug|x86.ActiveCfg = Debug|Any CPU
		{04E3E230-9E05-4330-A526-1E63A2DA865E}.Debug|x86.Build.0 = Debug|Any CPU
		{04E3E230-9E05-4330-A526-1E63A2DA865E}.Release|Any CPU.ActiveCfg = Release|Any CPU
		{04E3E230-9E05-4330-A526-1E63A2DA865E}.Release|Any CPU.Build.0 = Release|Any CPU
		{04E3E230-9E05-4330-A526-1E63A2DA865E}.Release|x64.ActiveCfg = Release|Any CPU
		{04E3E230-9E05-4330-A526-1E63A2DA865E}.Release|x64.Build.0 = Release|Any CPU
		{04E3E230-9E05-4330-A526-1E63A2DA865E}.Release|x86.ActiveCfg = Release|Any CPU
		{04E3E230-9E05-4330-A526-1E63A2DA865E}.Release|x86.Build.0 = Release|Any CPU
	EndGlobalSection
	GlobalSection(NestedProjects) = preSolution
		{04E3E230-9E05-4330-A526-1E63A2DA865E} = {7DF7D8CA-FB45-4373-A670-B097F6946FA3}
	EndGlobalSection
EndGlobal
